// !$*UTF8*$!
{
	archiveVersion = 1;
	classes = {
	};
	objectVersion = 110;
	objects = {

/* Begin PBXContainerItemProxy section */
		082960CB3074F08900B06CEF /* PBXContainerItemProxy */ = {
			isa = PBXContainerItemProxy;
			containerPortal = 082960B33074F08800B06CEF /* Project object */;
			proxyType = 1;
			remoteGlobalIDString = 082960BA3074F08800B06CEF;
			remoteInfo = GreenCheck;
		};
		082960D53074F08900B06CEF /* PBXContainerItemProxy */ = {
			isa = PBXContainerItemProxy;
			containerPortal = 082960B33074F08800B06CEF /* Project object */;
			proxyType = 1;
			remoteGlobalIDString = 082960BA3074F08800B06CEF;
			remoteInfo = GreenCheck;
		};
/* End PBXContainerItemProxy section */

/* Begin PBXFileReference section */
		082960BB3074F08800B06CEF /* GreenCheck.app */ = {isa = PBXFileReference; explicitFileType = wrapper.application; includeInIndex = 0; path = GreenCheck.app; sourceTree = BUILT_PRODUCTS_DIR; };
		082960CA3074F08900B06CEF /* GreenCheckTests.xctest */ = {isa = PBXFileReference; explicitFileType = wrapper.cfbundle; includeInIndex = 0; path = GreenCheckTests.xctest; sourceTree = BUILT_PRODUCTS_DIR; };
		082960D43074F08900B06CEF /* GreenCheckUITests.xctest */ = {isa = PBXFileReference; explicitFileType = wrapper.cfbundle; includeInIndex = 0; path = GreenCheckUITests.xctest; sourceTree = BUILT_PRODUCTS_DIR; };
/* End PBXFileReference section */

/* Begin PBXFileSystemSynchronizedBuildFileExceptionSet section */
		082961183074FCE600B06CEF /* Exceptions for "GreenCheck" folder in "GreenCheck" target */ = {
			isa = PBXFileSystemSynchronizedBuildFileExceptionSet;
			membershipExceptions = (
				Info.plist,
			);
			target = 082960BA3074F08800B06CEF /* GreenCheck */;
		};
/* End PBXFileSystemSynchronizedBuildFileExceptionSet section */

/* Begin PBXFileSystemSynchronizedRootGroup section */
		082960BD3074F08800B06CEF /* GreenCheck */ = {
			isa = PBXFileSystemSynchronizedRootGroup;
			exceptions = (
				082961183074FCE600B06CEF /* Exceptions for "GreenCheck" folder in "GreenCheck" target */,
			);
			path = GreenCheck;
			sourceTree = "<group>";
		};
/* End PBXFileSystemSynchronizedRootGroup section */

/* Begin PBXFrameworksBuildPhase section */
		082960B83074F08800B06CEF /* Frameworks */ = {
			isa = PBXFrameworksBuildPhase;
			files = (
			);
		};
		082960C73074F08900B06CEF /* Frameworks */ = {
			isa = PBXFrameworksBuildPhase;
			files = (
			);
		};
		082960D13074F08900B06CEF /* Frameworks */ = {
			isa = PBXFrameworksBuildPhase;
			files = (
			);
		};
/* End PBXFrameworksBuildPhase section */

/* Begin PBXGroup section */
		082960B23074F08800B06CEF = {
			isa = PBXGroup;
			children = (
				082960BD3074F08800B06CEF /* GreenCheck */,
				082960BC3074F08800B06CEF /* Products */,
			);
			sourceTree = "<group>";
		};
		082960BC3074F08800B06CEF /* Products */ = {
			isa = PBXGroup;
			children = (
				082960BB3074F08800B06CEF /* GreenCheck.app */,
				082960CA3074F08900B06CEF /* GreenCheckTests.xctest */,
				082960D43074F08900B06CEF /* GreenCheckUITests.xctest */,
			);
			name = Products;
			sourceTree = "<group>";
		};
/* End PBXGroup section */

/* Begin PBXNativeTarget section */
		082960BA3074F08800B06CEF /* GreenCheck */ = {
			isa = PBXNativeTarget;
			buildConfigurationList = 082960DC3074F08900B06CEF /* Build configuration list for PBXNativeTarget "GreenCheck" */;
			buildPhases = (
				082960B73074F08800B06CEF /* Sources */,
				082960B83074F08800B06CEF /* Frameworks */,
				082960B93074F08800B06CEF /* Resources */,
			);
			buildRules = (
			);
			fileSystemSynchronizedGroups = (
				082960BD3074F08800B06CEF /* GreenCheck */,
			);
			name = GreenCheck;
			productName = GreenCheck;
			productReference = 082960BB3074F08800B06CEF /* GreenCheck.app */;
			productType = "com.apple.product-type.application";
		};
		082960C93074F08900B06CEF /* GreenCheckTests */ = {
			isa = PBXNativeTarget;
			buildConfigurationList = 082960DF3074F08900B06CEF /* Build configuration list for PBXNativeTarget "GreenCheckTests" */;
			buildPhases = (
				082960C63074F08900B06CEF /* Sources */,
				082960C73074F08900B06CEF /* Frameworks */,
				082960C83074F08900B06CEF /* Resources */,
			);
			buildRules = (
			);
			dependencies = (
				082960CC3074F08900B06CEF /* PBXTargetDependency */,
			);
			name = GreenCheckTests;
			productName = GreenCheckTests;
			productReference = 082960CA3074F08900B06CEF /* GreenCheckTests.xctest */;
			productType = "com.apple.product-type.bundle.unit-test";
		};
		082960D33074F08900B06CEF /* GreenCheckUITests */ = {
			isa = PBXNativeTarget;
			buildConfigurationList = 082960E23074F08900B06CEF /* Build configuration list for PBXNativeTarget "GreenCheckUITests" */;
			buildPhases = (
				082960D03074F08900B06CEF /* Sources */,
				082960D13074F08900B06CEF /* Frameworks */,
				082960D23074F08900B06CEF /* Resources */,
			);
			buildRules = (
			);
			dependencies = (
				082960D63074F08900B06CEF /* PBXTargetDependency */,
			);
			name = GreenCheckUITests;
			productName = GreenCheckUITests;
			productReference = 082960D43074F08900B06CEF /* GreenCheckUITests.xctest */;
			productType = "com.apple.product-type.bundle.ui-testing";
		};
/* End PBXNativeTarget section */

/* Begin PBXProject section */
		082960B33074F08800B06CEF /* Project object */ = {
			isa = PBXProject;
			attributes = {
				BuildIndependentTargetsInParallel = 1;
				LastSwiftUpdateCheck = 2700;
				LastUpgradeCheck = 2700;
				TargetAttributes = {
					082960BA3074F08800B06CEF = {
						CreatedOnToolsVersion = 27.0;
					};
					082960C93074F08900B06CEF = {
						CreatedOnToolsVersion = 27.0;
						TestTargetID = 082960BA3074F08800B06CEF;
					};
					082960D33074F08900B06CEF = {
						CreatedOnToolsVersion = 27.0;
						TestTargetID = 082960BA3074F08800B06CEF;
					};
				};
			};
			buildConfigurationList = 082960B63074F08800B06CEF /* Build configuration list for PBXProject "GreenCheck" */;
			developmentRegion = en;
			hasScannedForEncodings = 0;
			knownRegions = (
				en,
				Base,
			);
			mainGroup = 082960B23074F08800B06CEF;
			minimizedProjectReferenceProxies = 1;
			preferredProjectObjectVersion = 77;
			productRefGroup = 082960BC3074F08800B06CEF /* Products */;
			projectDirPath = "";
			projectRoot = "";
			targets = (
				082960BA3074F08800B06CEF /* GreenCheck */,
				082960C93074F08900B06CEF /* GreenCheckTests */,
				082960D33074F08900B06CEF /* GreenCheckUITests */,
			);
		};
/* End PBXProject section */

/* Begin PBXResourcesBuildPhase section */
		082960B93074F08800B06CEF /* Resources */ = {
			isa = PBXResourcesBuildPhase;
			files = (
			);
		};
		082960C83074F08900B06CEF /* Resources */ = {
			isa = PBXResourcesBuildPhase;
			files = (
			);
		};
		082960D23074F08900B06CEF /* Resources */ = {
			isa = PBXResourcesBuildPhase;
			files = (
			);
		};
/* End PBXResourcesBuildPhase section */

/* Begin PBXSourcesBuildPhase section */
		082960B73074F08800B06CEF /* Sources */ = {
			isa = PBXSourcesBuildPhase;
			files = (
			);
		};
		082960C63074F08900B06CEF /* Sources */ = {
			isa = PBXSourcesBuildPhase;
			files = (
			);
		};
		082960D03074F08900B06CEF /* Sources */ = {
			isa = PBXSourcesBuildPhase;
			files = (
			);
		};
/* End PBXSourcesBuildPhase section */

/* Begin PBXTargetDependency section */
		082960CC3074F08900B06CEF /* PBXTargetDependency */ = {
			isa = PBXTargetDependency;
			target = 082960BA3074F08800B06CEF /* GreenCheck */;
			targetProxy = 082960CB3074F08900B06CEF /* PBXContainerItemProxy */;
		};
		082960D63074F08900B06CEF /* PBXTargetDependency */ = {
			isa = PBXTargetDependency;
			target = 082960BA3074F08800B06CEF /* GreenCheck */;
			targetProxy = 082960D53074F08900B06CEF /* PBXContainerItemProxy */;
		};
/* End PBXTargetDependency section */

/* Begin XCBuildConfiguration section */
		082960DA3074F08900B06CEF /* Debug configuration for PBXProject "GreenCheck" */ = {
			isa = XCBuildConfiguration;
			buildSettings = {
				ALWAYS_SEARCH_USER_PATHS = NO;
				ASSETCATALOG_COMPILER_GENERATE_SWIFT_ASSET_SYMBOL_EXTENSIONS = YES;
				CLANG_ANALYZER_NONNULL = YES;
				CLANG_ANALYZER_NUMBER_OBJECT_CONVERSION = YES_AGGRESSIVE;
				CLANG_CXX_LANGUAGE_STANDARD = "gnu++20";
				CLANG_ENABLE_MODULES = YES;
				CLANG_ENABLE_OBJC_ARC = YES;
				CLANG_ENABLE_OBJC_WEAK = YES;
				CLANG_WARN_BLOCK_CAPTURE_AUTORELEASING = YES;
				CLANG_WARN_BOOL_CONVERSION = YES;
				CLANG_WARN_COMMA = YES;
				CLANG_WARN_CONSTANT_CONVERSION = YES;
				CLANG_WARN_DEPRECATED_OBJC_IMPLEMENTATIONS = YES;
				CLANG_WARN_DIRECT_OBJC_ISA_USAGE = YES_ERROR;
				CLANG_WARN_DOCUMENTATION_COMMENTS = YES;
				CLANG_WARN_EMPTY_BODY = YES;
				CLANG_WARN_ENUM_CONVERSION = YES;
				CLANG_WARN_INFINITE_RECURSION = YES;
				CLANG_WARN_INT_CONVERSION = YES;
				CLANG_WARN_NON_LITERAL_NULL_CONVERSION = YES;
				CLANG_WARN_OBJC_IMPLICIT_RETAIN_SELF = YES;
				CLANG_WARN_OBJC_LITERAL_CONVERSION = YES;
				CLANG_WARN_OBJC_ROOT_CLASS = YES_ERROR;
				CLANG_WARN_QUOTED_INCLUDE_IN_FRAMEWORK_HEADER = YES;
				CLANG_WARN_RANGE_LOOP_ANALYSIS = YES;
				CLANG_WARN_STRICT_PROTOTYPES = YES;
				CLANG_WARN_SUSPICIOUS_MOVE = YES;
				CLANG_WARN_UNGUARDED_AVAILABILITY = YES_AGGRESSIVE;
				CLANG_WARN_UNREACHABLE_CODE = YES;
				CLANG_WARN__DUPLICATE_METHOD_MATCH = YES;
				COPY_PHASE_STRIP = NO;
				DEBUG_INFORMATION_FORMAT = dwarf;
				DEVELOPMENT_TEAM = 4A6CDUGDZ7;
				ENABLE_STRICT_OBJC_MSGSEND = YES;
				ENABLE_TESTABILITY = YES;
				ENABLE_USER_SCRIPT_SANDBOXING = YES;
				GCC_C_LANGUAGE_STANDARD = gnu17;
				GCC_DYNAMIC_NO_PIC = NO;
				GCC_NO_COMMON_BLOCKS = YES;
				GCC_OPTIMIZATION_LEVEL = 0;
				GCC_PREPROCESSOR_DEFINITIONS = (
					"DEBUG=1",
					"$(inherited)",
				);
				GCC_WARN_64_TO_32_BIT_CONVERSION = YES;
				GCC_WARN_ABOUT_RETURN_TYPE = YES_ERROR;
				GCC_WARN_UNDECLARED_SELECTOR = YES;
				GCC_WARN_UNINITIALIZED_AUTOS = YES_AGGRESSIVE;
				GCC_WARN_UNUSED_FUNCTION = YES;
				GCC_WARN_UNUSED_VARIABLE = YES;
				IPHONEOS_DEPLOYMENT_TARGET = 27.0;
				LOCALIZATION_PREFERS_STRING_CATALOGS = YES;
				MTL_ENABLE_DEBUG_INFO = INCLUDE_SOURCE;
				MTL_FAST_MATH = YES;
				ONLY_ACTIVE_ARCH = YES;
				SDKROOT = iphoneos;
				SWIFT_ACTIVE_COMPILATION_CONDITIONS = "DEBUG $(inherited)";
				SWIFT_OPTIMIZATION_LEVEL = "-Onone";
			};
			name = Debug;
		};
		082960DB3074F08900B06CEF /* Release configuration for PBXProject "GreenCheck" */ = {
			isa = XCBuildConfiguration;
			buildSettings = {
				ALWAYS_SEARCH_USER_PATHS = NO;
				ASSETCATALOG_COMPILER_GENERATE_SWIFT_ASSET_SYMBOL_EXTENSIONS = YES;
				CLANG_ANALYZER_NONNULL = YES;
				CLANG_ANALYZER_NUMBER_OBJECT_CONVERSION = YES_AGGRESSIVE;
				CLANG_CXX_LANGUAGE_STANDARD = "gnu++20";
				CLANG_ENABLE_MODULES = YES;
				CLANG_ENABLE_OBJC_ARC = YES;
				CLANG_ENABLE_OBJC_WEAK = YES;
				CLANG_WARN_BLOCK_CAPTURE_AUTORELEASING = YES;
				CLANG_WARN_BOOL_CONVERSION = YES;
				CLANG_WARN_COMMA = YES;
				CLANG_WARN_CONSTANT_CONVERSION = YES;
				CLANG_WARN_DEPRECATED_OBJC_IMPLEMENTATIONS = YES;
				CLANG_WARN_DIRECT_OBJC_ISA_USAGE = YES_ERROR;
				CLANG_WARN_DOCUMENTATION_COMMENTS = YES;
				CLANG_WARN_EMPTY_BODY = YES;
				CLANG_WARN_ENUM_CONVERSION = YES;
				CLANG_WARN_INFINITE_RECURSION = YES;
				CLANG_WARN_INT_CONVERSION = YES;
				CLANG_WARN_NON_LITERAL_NULL_CONVERSION = YES;
				CLANG_WARN_OBJC_IMPLICIT_RETAIN_SELF = YES;
				CLANG_WARN_OBJC_LITERAL_CONVERSION = YES;
				CLANG_WARN_OBJC_ROOT_CLASS = YES_ERROR;
				CLANG_WARN_QUOTED_INCLUDE_IN_FRAMEWORK_HEADER = YES;
				CLANG_WARN_RANGE_LOOP_ANALYSIS = YES;
				CLANG_WARN_STRICT_PROTOTYPES = YES;
				CLANG_WARN_SUSPICIOUS_MOVE = YES;
				CLANG_WARN_UNGUARDED_AVAILABILITY = YES_AGGRESSIVE;
				CLANG_WARN_UNREACHABLE_CODE = YES;
				CLANG_WARN__DUPLICATE_METHOD_MATCH = YES;
				COPY_PHASE_STRIP = NO;
				DEBUG_INFORMATION_FORMAT = "dwarf-with-dsym";
				DEVELOPMENT_TEAM = 4A6CDUGDZ7;
				ENABLE_NS_ASSERTIONS = NO;
				ENABLE_STRICT_OBJC_MSGSEND = YES;
				ENABLE_USER_SCRIPT_SANDBOXING = YES;
				GCC_C_LANGUAGE_STANDARD = gnu17;
				GCC_NO_COMMON_BLOCKS = YES;
				GCC_WARN_64_TO_32_BIT_CONVERSION = YES;
				GCC_WARN_ABOUT_RETURN_TYPE = YES_ERROR;
				GCC_WARN_UNDECLARED_SELECTOR = YES;
				GCC_WARN_UNINITIALIZED_AUTOS = YES_AGGRESSIVE;
				GCC_WARN_UNUSED_FUNCTION = YES;
				GCC_WARN_UNUSED_VARIABLE = YES;
				IPHONEOS_DEPLOYMENT_TARGET = 27.0;
				LOCALIZATION_PREFERS_STRING_CATALOGS = YES;
				MTL_ENABLE_DEBUG_INFO = NO;
				MTL_FAST_MATH = YES;
				SDKROOT = iphoneos;
				SWIFT_COMPILATION_MODE = wholemodule;
				VALIDATE_PRODUCT = YES;
			};
			name = Release;
		};
		082960DD3074F08900B06CEF /* Debug configuration for PBXNativeTarget "GreenCheck" */ = {
			isa = XCBuildConfiguration;
			buildSettings = {
				ASSETCATALOG_COMPILER_APPICON_NAME = AppIcon;
				ASSETCATALOG_COMPILER_GLOBAL_ACCENT_COLOR_NAME = AccentColor;
				CODE_SIGN_STYLE = Automatic;
				CURRENT_PROJECT_VERSION = 1;
				DEVELOPMENT_TEAM = 4A6CDUGDZ7;
				ENABLE_PREVIEWS = YES;
				GENERATE_INFOPLIST_FILE = YES;
				INFOPLIST_FILE = GreenCheck/Info.plist;
				INFOPLIST_KEY_UIApplicationSceneManifest_Generation = YES;
				INFOPLIST_KEY_UIApplicationSupportsIndirectInputEvents = YES;
				INFOPLIST_KEY_UILaunchScreen_Generation = YES;
				INFOPLIST_KEY_UISupportedInterfaceOrientations_iPad = "UIInterfaceOrientationPortrait UIInterfaceOrientationPortraitUpsideDown UIInterfaceOrientationLandscapeLeft UIInterfaceOrientationLandscapeRight";
				INFOPLIST_KEY_UISupportedInterfaceOrientations_iPhone = "UIInterfaceOrientationPortrait UIInterfaceOrientationLandscapeLeft UIInterfaceOrientationLandscapeRight";
				LD_RUNPATH_SEARCH_PATHS = (
					"$(inherited)",
					"@executable_path/Frameworks",
				);
				MARKETING_VERSION = 1.0;
				PRODUCT_BUNDLE_IDENTIFIER = com.creative..GreenCheck;
				PRODUCT_NAME = "$(TARGET_NAME)";
				STRING_CATALOG_GENERATE_SYMBOLS = YES;
				SWIFT_APPROACHABLE_CONCURRENCY = YES;
				SWIFT_DEFAULT_ACTOR_ISOLATION = MainActor;
				SWIFT_EMIT_LOC_STRINGS = YES;
				SWIFT_UPCOMING_FEATURE_MEMBER_IMPORT_VISIBILITY = YES;
				SWIFT_VERSION = 5.0;
				TARGETED_DEVICE_FAMILY = "1,2";
			};
			name = Debug;
		};
		082960DE3074F08900B06CEF /* Release configuration for PBXNativeTarget "GreenCheck" */ = {
			isa = XCBuildConfiguration;
			buildSettings = {
				ASSETCATALOG_COMPILER_APPICON_NAME = AppIcon;
				ASSETCATALOG_COMPILER_GLOBAL_ACCENT_COLOR_NAME = AccentColor;
				CODE_SIGN_STYLE = Automatic;
				CURRENT_PROJECT_VERSION = 1;
				DEVELOPMENT_TEAM = 4A6CDUGDZ7;
				ENABLE_PREVIEWS = YES;
				GENERATE_INFOPLIST_FILE = YES;
				INFOPLIST_FILE = GreenCheck/Info.plist;
				INFOPLIST_KEY_UIApplicationSceneManifest_Generation = YES;
				INFOPLIST_KEY_UIApplicationSupportsIndirectInputEvents = YES;
				INFOPLIST_KEY_UILaunchScreen_Generation = YES;
				INFOPLIST_KEY_UISupportedInterfaceOrientations_iPad = "UIInterfaceOrientationPortrait UIInterfaceOrientationPortraitUpsideDown UIInterfaceOrientationLandscapeLeft UIInterfaceOrientationLandscapeRight";
				INFOPLIST_KEY_UISupportedInterfaceOrientations_iPhone = "UIInterfaceOrientationPortrait UIInterfaceOrientationLandscapeLeft UIInterfaceOrientationLandscapeRight";
				LD_RUNPATH_SEARCH_PATHS = (
					"$(inherited)",
					"@executable_path/Frameworks",
				);
				MARKETING_VERSION = 1.0;
				PRODUCT_BUNDLE_IDENTIFIER = com.creative..GreenCheck;
				PRODUCT_NAME = "$(TARGET_NAME)";
				STRING_CATALOG_GENERATE_SYMBOLS = YES;
				SWIFT_APPROACHABLE_CONCURRENCY = YES;
				SWIFT_DEFAULT_ACTOR_ISOLATION = MainActor;
				SWIFT_EMIT_LOC_STRINGS = YES;
				SWIFT_UPCOMING_FEATURE_MEMBER_IMPORT_VISIBILITY = YES;
				SWIFT_VERSION = 5.0;
				TARGETED_DEVICE_FAMILY = "1,2";
			};
			name = Release;
		};
		082960E03074F08900B06CEF /* Debug configuration for PBXNativeTarget "GreenCheckTests" */ = {
			isa = XCBuildConfiguration;
			buildSettings = {
				BUNDLE_LOADER = "$(TEST_HOST)";
				CODE_SIGN_STYLE = Automatic;
				CURRENT_PROJECT_VERSION = 1;
				DEVELOPMENT_TEAM = 4A6CDUGDZ7;
				GENERATE_INFOPLIST_FILE = YES;
				IPHONEOS_DEPLOYMENT_TARGET = 27.0;
				MARKETING_VERSION = 1.0;
				PRODUCT_BUNDLE_IDENTIFIER = com.creative..GreenCheckTests;
				PRODUCT_NAME = "$(TARGET_NAME)";
				STRING_CATALOG_GENERATE_SYMBOLS = NO;
				SWIFT_APPROACHABLE_CONCURRENCY = YES;
				SWIFT_EMIT_LOC_STRINGS = NO;
				SWIFT_UPCOMING_FEATURE_MEMBER_IMPORT_VISIBILITY = YES;
				SWIFT_VERSION = 5.0;
				TARGETED_DEVICE_FAMILY = "1,2";
				TEST_HOST = "$(BUILT_PRODUCTS_DIR)/GreenCheck.app/$(BUNDLE_EXECUTABLE_FOLDER_PATH)/GreenCheck";
			};
			name = Debug;
		};
		082960E13074F08900B06CEF /* Release configuration for PBXNativeTarget "GreenCheckTests" */ = {
			isa = XCBuildConfiguration;
			buildSettings = {
				BUNDLE_LOADER = "$(TEST_HOST)";
				CODE_SIGN_STYLE = Automatic;
				CURRENT_PROJECT_VERSION = 1;
				DEVELOPMENT_TEAM = 4A6CDUGDZ7;
				GENERATE_INFOPLIST_FILE = YES;
				IPHONEOS_DEPLOYMENT_TARGET = 27.0;
				MARKETING_VERSION = 1.0;
				PRODUCT_BUNDLE_IDENTIFIER = com.creative..GreenCheckTests;
				PRODUCT_NAME = "$(TARGET_NAME)";
				STRING_CATALOG_GENERATE_SYMBOLS = NO;
				SWIFT_APPROACHABLE_CONCURRENCY = YES;
				SWIFT_EMIT_LOC_STRINGS = NO;
				SWIFT_UPCOMING_FEATURE_MEMBER_IMPORT_VISIBILITY = YES;
				SWIFT_VERSION = 5.0;
				TARGETED_DEVICE_FAMILY = "1,2";
				TEST_HOST = "$(BUILT_PRODUCTS_DIR)/GreenCheck.app/$(BUNDLE_EXECUTABLE_FOLDER_PATH)/GreenCheck";
			};
			name = Release;
		};
		082960E33074F08900B06CEF /* Debug configuration for PBXNativeTarget "GreenCheckUITests" */ = {
			isa = XCBuildConfiguration;
			buildSettings = {
				CODE_SIGN_STYLE = Automatic;
				CURRENT_PROJECT_VERSION = 1;
				DEVELOPMENT_TEAM = 4A6CDUGDZ7;
				GENERATE_INFOPLIST_FILE = YES;
				MARKETING_VERSION = 1.0;
				PRODUCT_BUNDLE_IDENTIFIER = com.creative..GreenCheckUITests;
				PRODUCT_NAME = "$(TARGET_NAME)";
				STRING_CATALOG_GENERATE_SYMBOLS = NO;
				SWIFT_APPROACHABLE_CONCURRENCY = YES;
				SWIFT_EMIT_LOC_STRINGS = NO;
				SWIFT_UPCOMING_FEATURE_MEMBER_IMPORT_VISIBILITY = YES;
				SWIFT_VERSION = 5.0;
				TARGETED_DEVICE_FAMILY = "1,2";
				TEST_TARGET_NAME = GreenCheck;
			};
			name = Debug;
		};
		082960E43074F08900B06CEF /* Release configuration for PBXNativeTarget "GreenCheckUITests" */ = {
			isa = XCBuildConfiguration;
			buildSettings = {
				CODE_SIGN_STYLE = Automatic;
				CURRENT_PROJECT_VERSION = 1;
				DEVELOPMENT_TEAM = 4A6CDUGDZ7;
				GENERATE_INFOPLIST_FILE = YES;
				MARKETING_VERSION = 1.0;
				PRODUCT_BUNDLE_IDENTIFIER = com.creative..GreenCheckUITests;
				PRODUCT_NAME = "$(TARGET_NAME)";
				STRING_CATALOG_GENERATE_SYMBOLS = NO;
				SWIFT_APPROACHABLE_CONCURRENCY = YES;
				SWIFT_EMIT_LOC_STRINGS = NO;
				SWIFT_UPCOMING_FEATURE_MEMBER_IMPORT_VISIBILITY = YES;
				SWIFT_VERSION = 5.0;
				TARGETED_DEVICE_FAMILY = "1,2";
				TEST_TARGET_NAME = GreenCheck;
			};
			name = Release;
		};
/* End XCBuildConfiguration section */

/* Begin XCConfigurationList section */
		082960B63074F08800B06CEF /* Build configuration list for PBXProject "GreenCheck" */ = {
			isa = XCConfigurationList;
			buildConfigurations = (
				082960DA3074F08900B06CEF /* Debug configuration for PBXProject "GreenCheck" */,
				082960DB3074F08900B06CEF /* Release configuration for PBXProject "GreenCheck" */,
			);
			defaultConfigurationName = Release;
		};
		082960DC3074F08900B06CEF /* Build configuration list for PBXNativeTarget "GreenCheck" */ = {
			isa = XCConfigurationList;
			buildConfigurations = (
				082960DD3074F08900B06CEF /* Debug configuration for PBXNativeTarget "GreenCheck" */,
				082960DE3074F08900B06CEF /* Release configuration for PBXNativeTarget "GreenCheck" */,
			);
			defaultConfigurationName = Release;
		};
		082960DF3074F08900B06CEF /* Build configuration list for PBXNativeTarget "GreenCheckTests" */ = {
			isa = XCConfigurationList;
			buildConfigurations = (
				082960E03074F08900B06CEF /* Debug configuration for PBXNativeTarget "GreenCheckTests" */,
				082960E13074F08900B06CEF /* Release configuration for PBXNativeTarget "GreenCheckTests" */,
			);
			defaultConfigurationName = Release;
		};
		082960E23074F08900B06CEF /* Build configuration list for PBXNativeTarget "GreenCheckUITests" */ = {
			isa = XCConfigurationList;
			buildConfigurations = (
				082960E33074F08900B06CEF /* Debug configuration for PBXNativeTarget "GreenCheckUITests" */,
				082960E43074F08900B06CEF /* Release configuration for PBXNativeTarget "GreenCheckUITests" */,
			);
			defaultConfigurationName = Release;
		};
/* End XCConfigurationList section */
	};
	rootObject = 082960B33074F08800B06CEF /* Project object */;
	validationLevel = 1;
}
